
Microsoft Visual Studio Solution File, Format Version 12.00
# Visual Studio Version 17
VisualStudioVersion = 17.11.35303.130
MinimumVisualStudioVersion = 10.0.40219.1
Project("{FAE04EC0-301F-11D3-BF4B-00C04F79EFBC}") = "Priemgetallen", "Priemgetallen\Priemgetallen.csproj", "{28875CC7-4C7D-46FE-91AE-77393A95B62C}"
EndProject
Global
	GlobalSection(SolutionConfigurationPlatforms) = preSolution
		Debug|Any CPU = Debug|Any CPU
		Release|Any CPU = Release|Any CPU
	EndGlobalSection
	GlobalSection(ProjectConfigurationPlatforms) = postSolution
		{28875CC7-4C7D-46FE-91AE-77393A95B62C}.Debug|Any CPU.ActiveCfg = Debug|Any CPU
		{28875CC7-4C7D-46FE-91AE-77393A95B62C}.Debug|Any CPU.Build.0 = Debug|Any CPU
		{28875CC7-4C7D-46FE-91AE-77393A95B62C}.Release|Any CPU.ActiveCfg = Release|Any CPU
		{28875CC7-4C7D-46FE-91AE-77393A95B62C}.Release|Any CPU.Build.0 = Release|Any CPU
	EndGlobalSection
	GlobalSection(SolutionProperties) = preSolution
		HideSolutionNode = FALSE
	EndGlobalSection
	GlobalSection(ExtensibilityGlobals) = postSolution
		SolutionGuid = {BB9ED8E8-8341-41DD-B317-FE7DB80F27F2}
	EndGlobalSection
EndGlobal
